{
  "name": "my-prisma-project",
  "version": "1.0.0",
  "lockfileVersion": 2,
  "requires": true,
  "packages": {
    "": {
      "name": "my-prisma-project",
      "version": "1.0.0",
      "license": "ISC",
      "dependencies": {
        "@prisma/client": "^3.12.0"
      }
    },
    "node_modules/@prisma/client": {
      "version": "3.12.0",
      "resolved": "https://registry.npmjs.org/@prisma/client/-/client-3.12.0.tgz",
      "integrity": "sha512-4NEQjUcWja/NVBvfuDFscWSk1/rXg3+wj+TSkqXCb1tKlx/bsUE00rxsvOvGg7VZ6lw1JFpGkwjwmsOIc4zvQw==",
      "hasInstallScript": true,
      "dependencies": {
        "@prisma/engines-version": "3.12.0-37.22b822189f46ef0dc5c5b503368d1bee01213980"
      },
      "engines": {
        "node": ">=12.6"
      },
      "peerDependencies": {
        "prisma": "*"
      },
      "peerDependenciesMeta": {
        "prisma": {
          "optional": true
        }
      }
    },
    "node_modules/@prisma/engines-version": {
      "version": "3.12.0-37.22b822189f46ef0dc5c5b503368d1bee01213980",
      "resolved": "https://registry.npmjs.org/@prisma/engines-version/-/engines-version-3.12.0-37.22b822189f46ef0dc5c5b503368d1bee01213980.tgz",
      "integrity": "sha512-o+jo8d7ZEiVpcpNWUDh3fj2uPQpBxl79XE9ih9nkogJbhw6P33274SHnqheedZ7PyvPIK/mvU8MLNYgetgXPYw=="
    }
  },
  "dependencies": {
    "@prisma/client": {
      "version": "3.12.0",
      "resolved": "https://registry.npmjs.org/@prisma/client/-/client-3.12.0.tgz",
      "integrity": "sha512-4NEQjUcWja/NVBvfuDFscWSk1/rXg3+wj+TSkqXCb1tKlx/bsUE00rxsvOvGg7VZ6lw1JFpGkwjwmsOIc4zvQw==",
      "requires": {
        "@prisma/engines-version": "3.12.0-37.22b822189f46ef0dc5c5b503368d1bee01213980"
      }
    },
    "@prisma/engines-version": {
      "version": "3.12.0-37.22b822189f46ef0dc5c5b503368d1bee01213980",
      "resolved": "https://registry.npmjs.org/@prisma/engines-version/-/engines-version-3.12.0-37.22b822189f46ef0dc5c5b503368d1bee01213980.tgz",
      "integrity": "sha512-o+jo8d7ZEiVpcpNWUDh3fj2uPQpBxl79XE9ih9nkogJbhw6P33274SHnqheedZ7PyvPIK/mvU8MLNYgetgXPYw=="
    }
  }
}
